
Microsoft Visual Studio Solution File, Format Version 12.00
# Visual Studio Version 16
VisualStudioVersion = 16.0.33214.272
MinimumVisualStudioVersion = 10.0.40219.1
Project("{FAE04EC0-301F-11D3-BF4B-00C04F79EFBC}") = "RollOff", "RollOff\RollOff.csproj", "{ECE97BFB-B515-404F-A964-6F7FD7AF7F58}"
EndProject
Global
	GlobalSection(SolutionConfigurationPlatforms) = preSolution
		Debug|Any CPU = Debug|Any CPU
		Release|Any CPU = Release|Any CPU
	EndGlobalSection
	GlobalSection(ProjectConfigurationPlatforms) = postSolution
		{ECE97BFB-B515-404F-A964-6F7FD7AF7F58}.Debug|Any CPU.ActiveCfg = Debug|Any CPU
		{ECE97BFB-B515-404F-A964-6F7FD7AF7F58}.Debug|Any CPU.Build.0 = Debug|Any CPU
		{ECE97BFB-B515-404F-A964-6F7FD7AF7F58}.Release|Any CPU.ActiveCfg = Release|Any CPU
		{ECE97BFB-B515-404F-A964-6F7FD7AF7F58}.Release|Any CPU.Build.0 = Release|Any CPU
	EndGlobalSection
	GlobalSection(SolutionProperties) = preSolution
		HideSolutionNode = FALSE
	EndGlobalSection
	GlobalSection(ExtensibilityGlobals) = postSolution
		SolutionGuid = {52C323B7-73B5-4383-848B-4B3A271062BA}
	EndGlobalSection
EndGlobal
